
Microsoft Visual Studio Solution File, Format Version 12.00
# Visual Studio Version 17
VisualStudioVersion = 17.6.33723.286
MinimumVisualStudioVersion = 10.0.40219.1
Project("{FAE04EC0-301F-11D3-BF4B-00C04F79EFBC}") = "WindowsFormsApp1", "WindowsFormsApp1\WindowsFormsApp1.csproj", "{F35E78CC-245B-4F29-A258-10ACBE52609D}"
EndProject
Global
	GlobalSection(SolutionConfigurationPlatforms) = preSolution
		Debug|Any CPU = Debug|Any CPU
		Release|Any CPU = Release|Any CPU
	EndGlobalSection
	GlobalSection(ProjectConfigurationPlatforms) = postSolution
		{F35E78CC-245B-4F29-A258-10ACBE52609D}.Debug|Any CPU.ActiveCfg = Debug|Any CPU
		{F35E78CC-245B-4F29-A258-10ACBE52609D}.Debug|Any CPU.Build.0 = Debug|Any CPU
		{F35E78CC-245B-4F29-A258-10ACBE52609D}.Release|Any CPU.ActiveCfg = Release|Any CPU
		{F35E78CC-245B-4F29-A258-10ACBE52609D}.Release|Any CPU.Build.0 = Release|Any CPU
	EndGlobalSection
	GlobalSection(SolutionProperties) = preSolution
		HideSolutionNode = FALSE
	EndGlobalSection
	GlobalSection(ExtensibilityGlobals) = postSolution
		SolutionGuid = {7A13FE41-7B3C-4090-A424-6B193641B97A}
	EndGlobalSection
EndGlobal
